lockfileVersion: '9.0'

settings:
  autoInstallPeers: true
  excludeLinksFromLockfile: false

importers:

  .:
    dependencies:
      crypto:
        specifier: ^1.0.1
        version: 1.0.1
      mongodb:
        specifier: ^7.0.0
        version: 7.0.0
      rate-limiter-flexible:
        specifier: ^9.0.1
        version: 9.0.1
      razorpay:
        specifier: ^2.9.6
        version: 2.9.6
    devDependencies:
      '@types/node':
        specifier: ^25.0.9
        version: 25.0.9
      turbo:
        specifier: ^2.7.5
        version: 2.7.5
      typescript:
        specifier: ^5.9.3
        version: 5.9.3

  packages/vendura-core: {}

  packages/vendura-mongodb:
    dependencies:
      vendura-core:
        specifier: workspace:*
        version: link:../vendura-core

packages:

  '@mongodb-js/saslprep@1.4.4':
    resolution: {integrity: sha512-p7X/ytJDIdwUfFL/CLOhKgdfJe1Fa8uw9seJYvdOmnP9JBWGWHW69HkOixXS6Wy9yvGf1MbhcS6lVmrhy4jm2g==}

  '@types/node@25.0.9':
    resolution: {integrity: sha512-/rpCXHlCWeqClNBwUhDcusJxXYDjZTyE8v5oTO7WbL8eij2nKhUeU89/6xgjU7N4/Vh3He0BtyhJdQbDyhiXAw==}

  '@types/webidl-conversions@7.0.3':
    resolution: {integrity: sha512-CiJJvcRtIgzadHCYXw7dqEnMNRjhGZlYK05Mj9OyktqV8uVT8fD2BFOB7S1uwBE3Kj2Z+4UyPmFw/Ixgw/LAlA==}

  '@types/whatwg-url@13.0.0':
    resolution: {integrity: sha512-N8WXpbE6Wgri7KUSvrmQcqrMllKZ9uxkYWMt+mCSGwNc0Hsw9VQTW7ApqI4XNrx6/SaM2QQJCzMPDEXE058s+Q==}

  asynckit@0.4.0:
    resolution: {integrity: sha512-Oei9OH4tRh0YqU3GxhX79dM/mwVgvbZJaSNaRk+bshkj0S5cfHcgYakreBjrHwatXKbz+IoIdYLxrKim2MjW0Q==}

  axios@1.13.2:
    resolution: {integrity: sha512-VPk9ebNqPcy5lRGuSlKx752IlDatOjT9paPlm8A7yOuW2Fbvp4X3JznJtT4f0GzGLLiWE9W8onz51SqLYwzGaA==}

  bson@7.1.1:
    resolution: {integrity: sha512-TtJgBB+QyOlWjrbM+8bRgH84VM/xrDjyBFgSgGrfZF4xvt6gbEDtcswm27Tn9F9TWsjQybxT8b8VpCP/oJK4Dw==}
    engines: {node: '>=20.19.0'}

  call-bind-apply-helpers@1.0.2:
    resolution: {integrity: sha512-Sp1ablJ0ivDkSzjcaJdxEunN5/XvksFJ2sMBFfq6x0ryhQV/2b/KwFe21cMpmHtPOSij8K99/wSfoEuTObmuMQ==}
    engines: {node: '>= 0.4'}

  combined-stream@1.0.8:
    resolution: {integrity: sha512-FQN4MRfuJeHf7cBbBMJFXhKSDq+2kAArBlmRBvcvFE5BB1HZKXtSFASDhdlz9zOYwxh8lDdnvmMOe/+5cdoEdg==}
    engines: {node: '>= 0.8'}

  crypto@1.0.1:
    resolution: {integrity: sha512-VxBKmeNcqQdiUQUW2Tzq0t377b54N2bMtXO/qiLa+6eRRmmC4qT3D4OnTGoT/U6O9aklQ/jTwbOtRMTTY8G0Ig==}
    deprecated: This package is no longer supported. It's now a built-in Node module. If you've depended on crypto, you should switch to the one that's built-in.

  delayed-stream@1.0.0:
    resolution: {integrity: sha512-ZySD7Nf91aLB0RxL4KGrKHBXl7Eds1DAmEdcoVawXnLD7SDhpNgtuII2aAkg7a7QS41jxPSZ17p4VdGnMHk3MQ==}
    engines: {node: '>=0.4.0'}

  dunder-proto@1.0.1:
    resolution: {integrity: sha512-KIN/nDJBQRcXw0MLVhZE9iQHmG68qAVIBg9CqmUYjmQIhgij9U5MFvrqkUL5FbtyyzZuOeOt0zdeRe4UY7ct+A==}
    engines: {node: '>= 0.4'}

  es-define-property@1.0.1:
    resolution: {integrity: sha512-e3nRfgfUZ4rNGL232gUgX06QNyyez04KdjFrF+LTRoOXmrOgFKDg4BCdsjW8EnT69eqdYGmRpJwiPVYNrCaW3g==}
    engines: {node: '>= 0.4'}

  es-errors@1.3.0:
    resolution: {integrity: sha512-Zf5H2Kxt2xjTvbJvP2ZWLEICxA6j+hAmMzIlypy4xcBg1vKVnx89Wy0GbS+kf5cwCVFFzdCFh2XSCFNULS6csw==}
    engines: {node: '>= 0.4'}

  es-object-atoms@1.1.1:
    resolution: {integrity: sha512-FGgH2h8zKNim9ljj7dankFPcICIK9Cp5bm+c2gQSYePhpaG5+esrLODihIorn+Pe6FGJzWhXQotPv73jTaldXA==}
    engines: {node: '>= 0.4'}

  es-set-tostringtag@2.1.0:
    resolution: {integrity: sha512-j6vWzfrGVfyXxge+O0x5sh6cvxAog0a/4Rdd2K36zCMV5eJ+/+tOAngRO8cODMNWbVRdVlmGZQL2YS3yR8bIUA==}
    engines: {node: '>= 0.4'}

  follow-redirects@1.15.11:
    resolution: {integrity: sha512-deG2P0JfjrTxl50XGCDyfI97ZGVCxIpfKYmfyrQ54n5FO/0gfIES8C/Psl6kWVDolizcaaxZJnTS0QSMxvnsBQ==}
    engines: {node: '>=4.0'}
    peerDependencies:
      debug: '*'
    peerDependenciesMeta:
      debug:
        optional: true

  form-data@4.0.5:
    resolution: {integrity: sha512-8RipRLol37bNs2bhoV67fiTEvdTrbMUYcFTiy3+wuuOnUog2QBHCZWXDRijWQfAkhBj2Uf5UnVaiWwA5vdd82w==}
    engines: {node: '>= 6'}

  function-bind@1.1.2:
    resolution: {integrity: sha512-7XHNxH7qX9xG5mIwxkhumTox/MIRNcOgDrxWsMt2pAr23WHp6MrRlN7FBSFpCpr+oVO0F744iUgR82nJMfG2SA==}

  get-intrinsic@1.3.0:
    resolution: {integrity: sha512-9fSjSaos/fRIVIp+xSJlE6lfwhES7LNtKaCBIamHsjr2na1BiABJPo0mOjjz8GJDURarmCPGqaiVg5mfjb98CQ==}
    engines: {node: '>= 0.4'}

  get-proto@1.0.1:
    resolution: {integrity: sha512-sTSfBjoXBp89JvIKIefqw7U2CCebsc74kiY6awiGogKtoSGbgjYE/G/+l9sF3MWFPNc9IcoOC4ODfKHfxFmp0g==}
    engines: {node: '>= 0.4'}

  gopd@1.2.0:
    resolution: {integrity: sha512-ZUKRh6/kUFoAiTAtTYPZJ3hw9wNxx+BIBOijnlG9PnrJsCcSjs1wyyD6vJpaYtgnzDrKYRSqf3OO6Rfa93xsRg==}
    engines: {node: '>= 0.4'}

  has-symbols@1.1.0:
    resolution: {integrity: sha512-1cDNdwJ2Jaohmb3sg4OmKaMBwuC48sYni5HUw2DvsC8LjGTLK9h+eb1X6RyuOHe4hT0ULCW68iomhjUoKUqlPQ==}
    engines: {node: '>= 0.4'}

  has-tostringtag@1.0.2:
    resolution: {integrity: sha512-NqADB8VjPFLM2V0VvHUewwwsw0ZWBaIdgo+ieHtK3hasLz4qeCRjYcqfB6AQrBggRKppKF8L52/VqdVsO47Dlw==}
    engines: {node: '>= 0.4'}

  hasown@2.0.2:
    resolution: {integrity: sha512-0hJU9SCPvmMzIBdZFqNPXWa6dqh7WdH0cII9y+CyS8rG3nL48Bclra9HmKhVVUHyPWNH5Y7xDwAB7bfgSjkUMQ==}
    engines: {node: '>= 0.4'}

  math-intrinsics@1.1.0:
    resolution: {integrity: sha512-/IXtbwEk5HTPyEwyKX6hGkYXxM9nbj64B+ilVJnC/R6B0pH5G4V3b0pVbL7DBj4tkhBAppbQUlf6F6Xl9LHu1g==}
    engines: {node: '>= 0.4'}

  memory-pager@1.5.0:
    resolution: {integrity: sha512-ZS4Bp4r/Zoeq6+NLJpP+0Zzm0pR8whtGPf1XExKLJBAczGMnSi3It14OiNCStjQjM6NU1okjQGSxgEZN8eBYKg==}

  mime-db@1.52.0:
    resolution: {integrity: sha512-sPU4uV7dYlvtWJxwwxHD0PuihVNiE7TyAbQ5SWxDCB9mUYvOgroQOwYQQOKPJ8CIbE+1ETVlOoK1UC2nU3gYvg==}
    engines: {node: '>= 0.6'}

  mime-types@2.1.35:
    resolution: {integrity: sha512-ZDY+bPm5zTTF+YpCrAU9nK0UgICYPT0QtT1NZWFv4s++TNkcgVaT0g6+4R2uI4MjQjzysHB1zxuWL50hzaeXiw==}
    engines: {node: '>= 0.6'}

  mongodb-connection-string-url@7.0.0:
    resolution: {integrity: sha512-irhhjRVLE20hbkRl4zpAYLnDMM+zIZnp0IDB9akAFFUZp/3XdOfwwddc7y6cNvF2WCEtfTYRwYbIfYa2kVY0og==}
    engines: {node: '>=20.19.0'}

  mongodb@7.0.0:
    resolution: {integrity: sha512-vG/A5cQrvGGvZm2mTnCSz1LUcbOPl83hfB6bxULKQ8oFZauyox/2xbZOoGNl+64m8VBrETkdGCDBdOsCr3F3jg==}
    engines: {node: '>=20.19.0'}
    peerDependencies:
      '@aws-sdk/credential-providers': ^3.806.0
      '@mongodb-js/zstd': ^7.0.0
      gcp-metadata: ^7.0.1
      kerberos: ^7.0.0
      mongodb-client-encryption: '>=7.0.0 <7.1.0'
      snappy: ^7.3.2
      socks: ^2.8.6
    peerDependenciesMeta:
      '@aws-sdk/credential-providers':
        optional: true
      '@mongodb-js/zstd':
        optional: true
      gcp-metadata:
        optional: true
      kerberos:
        optional: true
      mongodb-client-encryption:
        optional: true
      snappy:
        optional: true
      socks:
        optional: true

  proxy-from-env@1.1.0:
    resolution: {integrity: sha512-D+zkORCbA9f1tdWRK0RaCR3GPv50cMxcrz4X8k5LTSUD1Dkw47mKJEZQNunItRTkWwgtaUSo1RVFRIG9ZXiFYg==}

  punycode@2.3.1:
    resolution: {integrity: sha512-vYt7UD1U9Wg6138shLtLOvdAu+8DsC/ilFtEVHcH+wydcSpNE20AfSOduf6MkRFahL5FY7X1oU7nKVZFtfq8Fg==}
    engines: {node: '>=6'}

  rate-limiter-flexible@9.0.1:
    resolution: {integrity: sha512-sO+QdoGPCxroi4VkO2FIVjfUGuexhRkBc9ROHqu5eVEEz+oPHzQqvCc25ajFfMUBosbNGb6qpNa8xmxH9YNZsg==}

  razorpay@2.9.6:
    resolution: {integrity: sha512-zsHAQzd6e1Cc6BNoCNZQaf65ElL6O6yw0wulxmoG5VQDr363fZC90Mp1V5EktVzG45yPyNomNXWlf4cQ3622gQ==}

  sparse-bitfield@3.0.3:
    resolution: {integrity: sha512-kvzhi7vqKTfkh0PZU+2D2PIllw2ymqJKujUcyPMd9Y75Nv4nPbGJZXNhxsgdQab2BmlDct1YnfQCguEvHr7VsQ==}

  tr46@5.1.1:
    resolution: {integrity: sha512-hdF5ZgjTqgAntKkklYw0R03MG2x/bSzTtkxmIRw/sTNV8YXsCJ1tfLAX23lhxhHJlEf3CRCOCGGWw3vI3GaSPw==}
    engines: {node: '>=18'}

  turbo-darwin-64@2.7.5:
    resolution: {integrity: sha512-nN3wfLLj4OES/7awYyyM7fkU8U8sAFxsXau2bYJwAWi6T09jd87DgHD8N31zXaJ7LcpyppHWPRI2Ov9MuZEwnQ==}
    cpu: [x64]
    os: [darwin]

  turbo-darwin-arm64@2.7.5:
    resolution: {integrity: sha512-wCoDHMiTf3FgLAbZHDDx/unNNonSGhsF5AbbYODbxnpYyoKDpEYacUEPjZD895vDhNvYCH0Nnk24YsP4n/cD6g==}
    cpu: [arm64]
    os: [darwin]

  turbo-linux-64@2.7.5:
    resolution: {integrity: sha512-KKPvhOmJMmzWj/yjeO4LywkQ85vOJyhru7AZk/+c4B6OUh/odQ++SiIJBSbTG2lm1CuV5gV5vXZnf/2AMlu3Zg==}
    cpu: [x64]
    os: [linux]

  turbo-linux-arm64@2.7.5:
    resolution: {integrity: sha512-8PIva4L6BQhiPikUTds9lSFSHXVDAsEvV6QUlgwPsXrtXVQMVi6Sv9p+IxtlWQFvGkdYJUgX9GnK2rC030Xcmw==}
    cpu: [arm64]
    os: [linux]

  turbo-windows-64@2.7.5:
    resolution: {integrity: sha512-rupskv/mkIUgQXzX/wUiK00mKMorQcK8yzhGFha/D5lm05FEnLx8dsip6rWzMcVpvh+4GUMA56PgtnOgpel2AA==}
    cpu: [x64]
    os: [win32]

  turbo-windows-arm64@2.7.5:
    resolution: {integrity: sha512-G377Gxn6P42RnCzfMyDvsqQV7j69kVHKlhz9J4RhtJOB5+DyY4yYh/w0oTIxZQ4JRMmhjwLu3w9zncMoQ6nNDw==}
    cpu: [arm64]
    os: [win32]

  turbo@2.7.5:
    resolution: {integrity: sha512-7Imdmg37joOloTnj+DPrab9hIaQcDdJ5RwSzcauo/wMOSAgO+A/I/8b3hsGGs6PWQz70m/jkPgdqWsfNKtwwDQ==}
    hasBin: true

  typescript@5.9.3:
    resolution: {integrity: sha512-jl1vZzPDinLr9eUt3J/t7V6FgNEw9QjvBPdysz9KfQDD41fQrC2Y4vKQdiaUpFT4bXlb1RHhLpp8wtm6M5TgSw==}
    engines: {node: '>=14.17'}
    hasBin: true

  undici-types@7.16.0:
    resolution: {integrity: sha512-Zz+aZWSj8LE6zoxD+xrjh4VfkIG8Ya6LvYkZqtUQGJPZjYl53ypCaUwWqo7eI0x66KBGeRo+mlBEkMSeSZ38Nw==}

  webidl-conversions@7.0.0:
    resolution: {integrity: sha512-VwddBukDzu71offAQR975unBIGqfKZpM+8ZX6ySk8nYhVoo5CYaZyzt3YBvYtRtO+aoGlqxPg/B87NGVZ/fu6g==}
    engines: {node: '>=12'}

  whatwg-url@14.2.0:
    resolution: {integrity: sha512-De72GdQZzNTUBBChsXueQUnPKDkg/5A5zp7pFDuQAj5UFoENpiACU0wlCvzpAGnTkj++ihpKwKyYewn/XNUbKw==}
    engines: {node: '>=18'}

snapshots:

  '@mongodb-js/saslprep@1.4.4':
    dependencies:
      sparse-bitfield: 3.0.3

  '@types/node@25.0.9':
    dependencies:
      undici-types: 7.16.0

  '@types/webidl-conversions@7.0.3': {}

  '@types/whatwg-url@13.0.0':
    dependencies:
      '@types/webidl-conversions': 7.0.3

  asynckit@0.4.0: {}

  axios@1.13.2:
    dependencies:
      follow-redirects: 1.15.11
      form-data: 4.0.5
      proxy-from-env: 1.1.0
    transitivePeerDependencies:
      - debug

  bson@7.1.1: {}

  call-bind-apply-helpers@1.0.2:
    dependencies:
      es-errors: 1.3.0
      function-bind: 1.1.2

  combined-stream@1.0.8:
    dependencies:
      delayed-stream: 1.0.0

  crypto@1.0.1: {}

  delayed-stream@1.0.0: {}

  dunder-proto@1.0.1:
    dependencies:
      call-bind-apply-helpers: 1.0.2
      es-errors: 1.3.0
      gopd: 1.2.0

  es-define-property@1.0.1: {}

  es-errors@1.3.0: {}

  es-object-atoms@1.1.1:
    dependencies:
      es-errors: 1.3.0

  es-set-tostringtag@2.1.0:
    dependencies:
      es-errors: 1.3.0
      get-intrinsic: 1.3.0
      has-tostringtag: 1.0.2
      hasown: 2.0.2

  follow-redirects@1.15.11: {}

  form-data@4.0.5:
    dependencies:
      asynckit: 0.4.0
      combined-stream: 1.0.8
      es-set-tostringtag: 2.1.0
      hasown: 2.0.2
      mime-types: 2.1.35

  function-bind@1.1.2: {}

  get-intrinsic@1.3.0:
    dependencies:
      call-bind-apply-helpers: 1.0.2
      es-define-property: 1.0.1
      es-errors: 1.3.0
      es-object-atoms: 1.1.1
      function-bind: 1.1.2
      get-proto: 1.0.1
      gopd: 1.2.0
      has-symbols: 1.1.0
      hasown: 2.0.2
      math-intrinsics: 1.1.0

  get-proto@1.0.1:
    dependencies:
      dunder-proto: 1.0.1
      es-object-atoms: 1.1.1

  gopd@1.2.0: {}

  has-symbols@1.1.0: {}

  has-tostringtag@1.0.2:
    dependencies:
      has-symbols: 1.1.0

  hasown@2.0.2:
    dependencies:
      function-bind: 1.1.2

  math-intrinsics@1.1.0: {}

  memory-pager@1.5.0: {}

  mime-db@1.52.0: {}

  mime-types@2.1.35:
    dependencies:
      mime-db: 1.52.0

  mongodb-connection-string-url@7.0.0:
    dependencies:
      '@types/whatwg-url': 13.0.0
      whatwg-url: 14.2.0

  mongodb@7.0.0:
    dependencies:
      '@mongodb-js/saslprep': 1.4.4
      bson: 7.1.1
      mongodb-connection-string-url: 7.0.0

  proxy-from-env@1.1.0: {}

  punycode@2.3.1: {}

  rate-limiter-flexible@9.0.1: {}

  razorpay@2.9.6:
    dependencies:
      axios: 1.13.2
    transitivePeerDependencies:
      - debug

  sparse-bitfield@3.0.3:
    dependencies:
      memory-pager: 1.5.0

  tr46@5.1.1:
    dependencies:
      punycode: 2.3.1

  turbo-darwin-64@2.7.5:
    optional: true

  turbo-darwin-arm64@2.7.5:
    optional: true

  turbo-linux-64@2.7.5:
    optional: true

  turbo-linux-arm64@2.7.5:
    optional: true

  turbo-windows-64@2.7.5:
    optional: true

  turbo-windows-arm64@2.7.5:
    optional: true

  turbo@2.7.5:
    optionalDependencies:
      turbo-darwin-64: 2.7.5
      turbo-darwin-arm64: 2.7.5
      turbo-linux-64: 2.7.5
      turbo-linux-arm64: 2.7.5
      turbo-windows-64: 2.7.5
      turbo-windows-arm64: 2.7.5

  typescript@5.9.3: {}

  undici-types@7.16.0: {}

  webidl-conversions@7.0.0: {}

  whatwg-url@14.2.0:
    dependencies:
      tr46: 5.1.1
      webidl-conversions: 7.0.0
